<?xml version="1.0" encoding="utf-8"?>
<Project ToolsVersion="4.0" xmlns="http://schemas.microsoft.com/developer/msbuild/2003">
  <ItemGroup>
    <Filter Include="Source Files">
      <UniqueIdentifier>{4FC737F1-C7A5-4376-A066-2A32D752A2FF}</UniqueIdentifier>
      <Extensions>cpp;c;cc;cxx;def;odl;idl;hpj;bat;asm;asmx</Extensions>
    </Filter>
    <Filter Include="Header Files">
      <UniqueIdentifier>{93995380-89BD-4b04-88EB-625FBE52EBFB}</UniqueIdentifier>
      <Extensions>h;hpp;hxx;hm;inl;inc;xsd</Extensions>
    </Filter>
    <Filter Include="Header Files\utils">
      <UniqueIdentifier>{d406bfb7-323f-457b-82bb-956d23c1e295}</UniqueIdentifier>
    </Filter>
    <Filter Include="Header Files\console">
      <UniqueIdentifier>{dc92e13f-5ff3-4c0f-80b9-1943cf222489}</UniqueIdentifier>
    </Filter>
    <Filter Include="Header Files\application">
      <UniqueIdentifier>{0baf81b0-402b-4e75-9b30-23295f9c3276}</UniqueIdentifier>
    </Filter>
    <Filter Include="Header Files\gui">
      <UniqueIdentifier>{056071bb-b107-4a8d-baab-7416649b31fa}</UniqueIdentifier>
    </Filter>
    <Filter Include="Header Files\object">
      <UniqueIdentifier>{82564ef4-8dbd-4df8-ab76-b796fdd39333}</UniqueIdentifier>
    </Filter>
    <Filter Include="Header Files\input">
      <UniqueIdentifier>{ae885aa5-18db-4c99-9a64-d16f741e13bc}</UniqueIdentifier>
    </Filter>
    <Filter Include="Header Files\shader">
      <UniqueIdentifier>{4fa7d277-b10c-4b31-9b6b-f952f5bb9a31}</UniqueIdentifier>
    </Filter>
    <Filter Include="Header Files\scene">
      <UniqueIdentifier>{8b9db717-f49f-4d81-b979-b03fcc488f55}</UniqueIdentifier>
    </Filter>
    <Filter Include="Header Files\config">
      <UniqueIdentifier>{207d3daa-e2ce-4ea3-9921-44390f431158}</UniqueIdentifier>
    </Filter>
    <Filter Include="Header Files\resource">
      <UniqueIdentifier>{456a0978-3bac-416a-af24-a179f751ec6b}</UniqueIdentifier>
    </Filter>
    <Filter Include="Source Files\config">
      <UniqueIdentifier>{78099692-6470-4851-bfff-94b1ad4df9f4}</UniqueIdentifier>
    </Filter>
    <Filter Include="Source Files\scene">
      <UniqueIdentifier>{d0d70abb-8340-4055-aef7-9d2958692679}</UniqueIdentifier>
    </Filter>
    <Filter Include="Source Files\console">
      <UniqueIdentifier>{6516cd71-a359-478d-9eda-1918738e2c28}</UniqueIdentifier>
    </Filter>
    <Filter Include="Source Files\application">
      <UniqueIdentifier>{13948971-0b4f-46c2-a81e-fc73eeb61f23}</UniqueIdentifier>
    </Filter>
    <Filter Include="Source Files\gui">
      <UniqueIdentifier>{370f0fd4-c8d9-4caa-a72f-a026e10e5203}</UniqueIdentifier>
    </Filter>
    <Filter Include="Source Files\input">
      <UniqueIdentifier>{9cc1c408-bfbd-40fe-9257-f518166f1352}</UniqueIdentifier>
    </Filter>
    <Filter Include="Source Files\shader">
      <UniqueIdentifier>{3571cada-15c1-4518-b747-efea622c7936}</UniqueIdentifier>
    </Filter>
    <Filter Include="Source Files\object">
      <UniqueIdentifier>{8d80a7d8-f2f9-4fc4-8d9e-055c6e0dd182}</UniqueIdentifier>
    </Filter>
    <Filter Include="Source Files\utils">
      <UniqueIdentifier>{5313b64f-16ae-4a90-946e-06fcdc6e71f1}</UniqueIdentifier>
    </Filter>
    <Filter Include="Source Files\resource">
      <UniqueIdentifier>{faeea0fe-6199-4f72-a49d-94489960afb3}</UniqueIdentifier>
    </Filter>
  </ItemGroup>
  <ItemGroup>
    <ClInclude Include="include\DDEngine.h">
      <Filter>Header Files</Filter>
    </ClInclude>
    <ClInclude Include="include\DLLResourceLoader.h">
      <Filter>Header Files\utils</Filter>
    </ClInclude>
    <ClInclude Include="include\DDEUtils.h">
      <Filter>Header Files\utils</Filter>
    </ClInclude>
    <ClInclude Include="include\D3DRenderer.h">
      <Filter>Header Files\scene</Filter>
    </ClInclude>
    <ClInclude Include="include\CommandParser.h">
      <Filter>Header Files\console</Filter>
    </ClInclude>
    <ClInclude Include="include\CommandExecutor.h">
      <Filter>Header Files\console</Filter>
    </ClInclude>
    <ClInclude Include="include\Console.h">
      <Filter>Header Files\console</Filter>
    </ClInclude>
    <ClInclude Include="include\RenderToTexture.h">
      <Filter>Header Files\scene</Filter>
    </ClInclude>
    <ClInclude Include="include\GUIRenderer.h">
      <Filter>Header Files\gui</Filter>
    </ClInclude>
    <ClInclude Include="include\HUDRenderer.h">
      <Filter>Header Files\gui</Filter>
    </ClInclude>
    <ClInclude Include="include\Application.h">
      <Filter>Header Files\application</Filter>
    </ClInclude>
    <ClInclude Include="include\RenderContext.h">
      <Filter>Header Files\scene</Filter>
    </ClInclude>
    <ClInclude Include="include\Grid.h">
      <Filter>Header Files\object</Filter>
    </ClInclude>
    <ClInclude Include="include\IRenderable.h">
      <Filter>Header Files\object</Filter>
    </ClInclude>
    <ClInclude Include="include\InputHandler.h">
      <Filter>Header Files\input</Filter>
    </ClInclude>
    <ClInclude Include="include\WndHandler.h">
      <Filter>Header Files\input</Filter>
    </ClInclude>
    <ClInclude Include="include\PixelShaderEnvelope.h">
      <Filter>Header Files\shader</Filter>
    </ClInclude>
    <ClInclude Include="include\VertexShaderEnvelope.h">
      <Filter>Header Files\shader</Filter>
    </ClInclude>
    <ClInclude Include="include\ShaderHolder.h">
      <Filter>Header Files\shader</Filter>
    </ClInclude>
    <ClInclude Include="include\ShaderCompiler.h">
      <Filter>Header Files\shader</Filter>
    </ClInclude>
    <ClInclude Include="include\Controlls.h">
      <Filter>Header Files\input</Filter>
    </ClInclude>
    <ClInclude Include="include\AbstractCommandExecutor.h">
      <Filter>Header Files\console</Filter>
    </ClInclude>
    <ClInclude Include="include\Dimension.h">
      <Filter>Header Files\utils</Filter>
    </ClInclude>
    <ClInclude Include="include\Skybox.h">
      <Filter>Header Files\object</Filter>
    </ClInclude>
    <ClInclude Include="include\Camera.h">
      <Filter>Header Files\scene</Filter>
    </ClInclude>
    <ClInclude Include="include\CommonObject.h">
      <Filter>Header Files\object</Filter>
    </ClInclude>
    <ClInclude Include="include\DDEComponent.h">
      <Filter>Header Files\application</Filter>
    </ClInclude>
    <ClInclude Include="include\Config.h">
      <Filter>Header Files\config</Filter>
    </ClInclude>
    <ClInclude Include="include\ConfigLoader.h">
      <Filter>Header Files\config</Filter>
    </ClInclude>
    <ClInclude Include="include\DDERenderPackage.h">
      <Filter>Header Files\scene</Filter>
    </ClInclude>
    <ClInclude Include="include\Timer.h">
      <Filter>Header Files\scene</Filter>
    </ClInclude>
    <ClInclude Include="include\DDE_CEGUIResourceProvider.h">
      <Filter>Header Files\resource</Filter>
    </ClInclude>
    <ClInclude Include="include\ResourceProvider.h">
      <Filter>Header Files\resource</Filter>
    </ClInclude>
    <ClInclude Include="include\Window.h">
      <Filter>Header Files\gui</Filter>
    </ClInclude>
    <ClInclude Include="include\Vertex.h">
      <Filter>Header Files\shader</Filter>
    </ClInclude>
    <ClInclude Include="include\QuadObject.h">
      <Filter>Header Files\object</Filter>
    </ClInclude>
    <ClInclude Include="include\D3DUtils.h">
      <Filter>Header Files\utils</Filter>
    </ClInclude>
    <ClInclude Include="include\RenderableSkybox.h">
      <Filter>Header Files\object</Filter>
    </ClInclude>
    <ClInclude Include="include\ConstantBuffers.h">
      <Filter>Header Files\object</Filter>
    </ClInclude>
    <ClInclude Include="include\ModelObject.h">
      <Filter>Header Files\object</Filter>
    </ClInclude>
    <ClInclude Include="include\Object3D.h">
      <Filter>Header Files\object</Filter>
    </ClInclude>
    <ClInclude Include="include\ScenesManager.h">
      <Filter>Header Files\object</Filter>
    </ClInclude>
  </ItemGroup>
  <ItemGroup>
    <ClCompile Include="src\AbstractCommandExecutor.cpp">
      <Filter>Source Files\console</Filter>
    </ClCompile>
    <ClCompile Include="src\Application.cpp">
      <Filter>Source Files\application</Filter>
    </ClCompile>
    <ClCompile Include="src\Camera.cpp">
      <Filter>Source Files\scene</Filter>
    </ClCompile>
    <ClCompile Include="src\CommandExecutor.cpp">
      <Filter>Source Files\console</Filter>
    </ClCompile>
    <ClCompile Include="src\CommandParser.cpp">
      <Filter>Source Files\console</Filter>
    </ClCompile>
    <ClCompile Include="src\CommonObject.cpp">
      <Filter>Source Files\object</Filter>
    </ClCompile>
    <ClCompile Include="src\Config.cpp">
      <Filter>Source Files\config</Filter>
    </ClCompile>
    <ClCompile Include="src\ConfigLoader.cpp">
      <Filter>Source Files\config</Filter>
    </ClCompile>
    <ClCompile Include="src\Console.cpp">
      <Filter>Source Files\console</Filter>
    </ClCompile>
    <ClCompile Include="src\Controlls.cpp">
      <Filter>Source Files\input</Filter>
    </ClCompile>
    <ClCompile Include="src\D3DRenderer.cpp">
      <Filter>Source Files\scene</Filter>
    </ClCompile>
    <ClCompile Include="src\DDE_CEGUIResourceProvider.cpp">
      <Filter>Source Files\resource</Filter>
    </ClCompile>
    <ClCompile Include="src\DDEComponent.cpp">
      <Filter>Source Files\application</Filter>
    </ClCompile>
    <ClCompile Include="src\DDEUtils.cpp">
      <Filter>Source Files\utils</Filter>
    </ClCompile>
    <ClCompile Include="src\DLLResourceLoader.cpp">
      <Filter>Source Files\utils</Filter>
    </ClCompile>
    <ClCompile Include="src\Grid.cpp">
      <Filter>Source Files\object</Filter>
    </ClCompile>
    <ClCompile Include="src\GUIRenderer.cpp">
      <Filter>Source Files\gui</Filter>
    </ClCompile>
    <ClCompile Include="src\HUDRenderer.cpp">
      <Filter>Source Files\gui</Filter>
    </ClCompile>
    <ClCompile Include="src\InputHandler.cpp">
      <Filter>Source Files\input</Filter>
    </ClCompile>
    <ClCompile Include="src\RenderContext.cpp">
      <Filter>Source Files\scene</Filter>
    </ClCompile>
    <ClCompile Include="src\RenderToTexture.cpp">
      <Filter>Source Files\scene</Filter>
    </ClCompile>
    <ClCompile Include="src\ResourceProvider.cpp">
      <Filter>Source Files\resource</Filter>
    </ClCompile>
    <ClCompile Include="src\ShaderCompiler.cpp">
      <Filter>Source Files\shader</Filter>
    </ClCompile>
    <ClCompile Include="src\ShaderHolder.cpp">
      <Filter>Source Files\shader</Filter>
    </ClCompile>
    <ClCompile Include="src\Skybox.cpp">
      <Filter>Source Files\object</Filter>
    </ClCompile>
    <ClCompile Include="src\Timer.cpp">
      <Filter>Source Files\scene</Filter>
    </ClCompile>
    <ClCompile Include="src\Window.cpp">
      <Filter>Source Files\gui</Filter>
    </ClCompile>
    <ClCompile Include="src\WndHandler.cpp">
      <Filter>Source Files\input</Filter>
    </ClCompile>
    <ClCompile Include="src\D3DUtils.cpp">
      <Filter>Source Files\utils</Filter>
    </ClCompile>
    <ClCompile Include="src\QuadObject.cpp">
      <Filter>Source Files\object</Filter>
    </ClCompile>
    <ClCompile Include="src\RenderableSkybox.cpp">
      <Filter>Source Files\object</Filter>
    </ClCompile>
    <ClCompile Include="src\ModelObject.cpp">
      <Filter>Source Files\object</Filter>
    </ClCompile>
    <ClCompile Include="src\Object3D.cpp">
      <Filter>Source Files\object</Filter>
    </ClCompile>
    <ClCompile Include="src\ScenesManager.cpp">
      <Filter>Source Files\object</Filter>
    </ClCompile>
  </ItemGroup>
</Project>