<?xml version="1.0" encoding="utf-8"?>
<Project ToolsVersion="4.0" xmlns="http://schemas.microsoft.com/developer/msbuild/2003">
  <ItemGroup>
    <Filter Include="Source Files">
      <UniqueIdentifier>{4FC737F1-C7A5-4376-A066-2A32D752A2FF}</UniqueIdentifier>
      <Extensions>cpp;c;cc;cxx;def;odl;idl;hpj;bat;asm;asmx</Extensions>
    </Filter>
    <Filter Include="Header Files">
      <UniqueIdentifier>{93995380-89BD-4b04-88EB-625FBE52EBFB}</UniqueIdentifier>
      <Extensions>h;hpp;hxx;hm;inl;inc;xsd</Extensions>
    </Filter>
    <Filter Include="Resource Files">
      <UniqueIdentifier>{67DA6AB6-F800-4c08-8B7A-83BB121AAD01}</UniqueIdentifier>
      <Extensions>rc;ico;cur;bmp;dlg;rc2;rct;bin;rgs;gif;jpg;jpeg;jpe;resx;tiff;tif;png;wav;mfcribbon-ms</Extensions>
    </Filter>
    <Filter Include="Files">
      <UniqueIdentifier>{d6c94e32-a789-4229-b2d8-0e57830aeaa8}</UniqueIdentifier>
    </Filter>
    <Filter Include="Files\Shaders">
      <UniqueIdentifier>{e17d8d48-5069-4683-9bdb-5b16c4c0df16}</UniqueIdentifier>
    </Filter>
    <Filter Include="Files\Icons">
      <UniqueIdentifier>{e2cd7a47-9255-4bba-b81c-9951ed960bc6}</UniqueIdentifier>
    </Filter>
    <Filter Include="Files\GUI">
      <UniqueIdentifier>{0fb62cc7-84c0-4671-aac9-7629e0286a40}</UniqueIdentifier>
    </Filter>
  </ItemGroup>
  <ItemGroup>
    <ClInclude Include="Src\targetver.h">
      <Filter>Header Files</Filter>
    </ClInclude>
    <ClInclude Include="Src\stdafx.h">
      <Filter>Header Files</Filter>
    </ClInclude>
    <ClInclude Include="resource.h">
      <Filter>Header Files</Filter>
    </ClInclude>
  </ItemGroup>
  <ItemGroup>
    <ClCompile Include="Src\stdafx.cpp">
      <Filter>Source Files</Filter>
    </ClCompile>
    <ClCompile Include="Src\dllmain.cpp">
      <Filter>Source Files</Filter>
    </ClCompile>
    <ClCompile Include="Src\DDEngineRes.cpp">
      <Filter>Source Files</Filter>
    </ClCompile>
  </ItemGroup>
  <ItemGroup>
    <None Include="res\gui\imagesets\AlfiskoSkin.imageset">
      <Filter>Files\GUI</Filter>
    </None>
    <None Include="res\gui\looknfeel\AlfiskoSkin.looknfeel">
      <Filter>Files\GUI</Filter>
    </None>
    <None Include="res\gui\imagesets\AlfiskoSkin.png">
      <Filter>Files\GUI</Filter>
    </None>
    <None Include="res\gui\schemes\AlfiskoSkin.scheme">
      <Filter>Files\GUI</Filter>
    </None>
    <None Include="res\gui\fonts\DejaVuSans-10.font">
      <Filter>Files\GUI</Filter>
    </None>
    <None Include="res\gui\fonts\DejaVuSans-10-NoScale.font">
      <Filter>Files\GUI</Filter>
    </None>
    <None Include="res\gui\fonts\DejaVuSans-12.font">
      <Filter>Files\GUI</Filter>
    </None>
    <None Include="res\gui\fonts\DejaVuSans-12-NoScale.font">
      <Filter>Files\GUI</Filter>
    </None>
    <None Include="res\gui\fonts\DejaVuSans-14.font">
      <Filter>Files\GUI</Filter>
    </None>
    <None Include="res\gui\fonts\DejaVuSans-14-NoScale.font">
      <Filter>Files\GUI</Filter>
    </None>
    <None Include="res\fonts\text.spritefont">
      <Filter>Files\GUI</Filter>
    </None>
  </ItemGroup>
  <ItemGroup>
    <ResourceCompile Include="DDEngineRes.rc">
      <Filter>Resource Files</Filter>
    </ResourceCompile>
  </ItemGroup>
  <ItemGroup>
    <Image Include="res\icons\icon.ico">
      <Filter>Files\Icons</Filter>
    </Image>
  </ItemGroup>
  <ItemGroup>
    <Font Include="res\gui\fonts\DejaVuSans.ttf">
      <Filter>Files\GUI</Filter>
    </Font>
  </ItemGroup>
  <ItemGroup>
    <FxCompile Include="res\shaders\PS_EnvMapping.hlsl">
      <Filter>Files\Shaders</Filter>
    </FxCompile>
    <FxCompile Include="res\shaders\VS_EnvMapping.hlsl">
      <Filter>Files\Shaders</Filter>
    </FxCompile>
    <FxCompile Include="res\shaders\PS_White.hlsl">
      <Filter>Files\Shaders</Filter>
    </FxCompile>
    <FxCompile Include="res\shaders\VS_IL.hlsl">
      <Filter>Files\Shaders</Filter>
    </FxCompile>
  </ItemGroup>
</Project>